<?xml version="1.0" encoding="utf-8"?>
<Project ToolsVersion="4.0" xmlns="http://schemas.microsoft.com/developer/msbuild/2003">
  <ItemGroup>
    <Filter Include="MLExample">
      <UniqueIdentifier>{f57afeca-af6b-43d5-a2e2-455f1f93fdab}</UniqueIdentifier>
    </Filter>
    <Filter Include="MadronaLib">
      <UniqueIdentifier>{ffc1930c-bfec-4217-b88a-2275e01e969b}</UniqueIdentifier>
    </Filter>
    <Filter Include="MadronaLib\MLApp">
      <UniqueIdentifier>{b08698e7-b977-47ef-9b89-18fcc4d83acd}</UniqueIdentifier>
    </Filter>
    <Filter Include="MadronaLib\MLJuceApp">
      <UniqueIdentifier>{dee39fb1-93b6-4372-9716-d78a8d779f4d}</UniqueIdentifier>
    </Filter>
    <Filter Include="MadronaLib\cJSON">
      <UniqueIdentifier>{308b43e1-dea2-4c4e-b613-822d5f909dae}</UniqueIdentifier>
    </Filter>
    <Filter Include="MadronaLib\DSP">
      <UniqueIdentifier>{25349f94-cb86-4abf-9062-dd8e6834194a}</UniqueIdentifier>
    </Filter>
    <Filter Include="MadronaLib\LookAndFeel">
      <UniqueIdentifier>{724cbe4e-47c1-40e7-b2ab-899a9ee67342}</UniqueIdentifier>
    </Filter>
    <Filter Include="JUCE Library Code">
      <UniqueIdentifier>{ebeb6547-6824-425f-9dc9-e84893d57ed3}</UniqueIdentifier>
    </Filter>
    <Filter Include="MadronaLib\portaudio">
      <UniqueIdentifier>{db00d35a-f8b1-4689-aec4-6d608653302e}</UniqueIdentifier>
    </Filter>
  </ItemGroup>
  <ItemGroup>
    <ClInclude Include="..\..\src\AppConfig.h">
      <Filter>MLExample</Filter>
    </ClInclude>
    <ClInclude Include="..\..\src\JuceHeader.h">
      <Filter>MLExample</Filter>
    </ClInclude>
    <ClInclude Include="..\..\src\JucePluginCharacteristics.h">
      <Filter>MLExample</Filter>
    </ClInclude>
    <ClInclude Include="..\..\src\MLExampleController.h">
      <Filter>MLExample</Filter>
    </ClInclude>
    <ClInclude Include="..\..\src\MLExampleEditor.h">
      <Filter>MLExample</Filter>
    </ClInclude>
    <ClInclude Include="..\..\src\MLExampleProcessor.h">
      <Filter>MLExample</Filter>
    </ClInclude>
    <ClInclude Include="..\..\src\MLExampleView.h">
      <Filter>MLExample</Filter>
    </ClInclude>
    <ClInclude Include="..\..\PluginData\BinaryData\MLExampleBinaryData.h">
      <Filter>MLExample</Filter>
    </ClInclude>
    <ClInclude Include="..\..\..\MLApp\MLTextStreamListener.h">
      <Filter>MadronaLib\MLApp</Filter>
    </ClInclude>
    <ClInclude Include="..\..\..\MLApp\MLDebug.h">
      <Filter>MadronaLib\MLApp</Filter>
    </ClInclude>
    <ClInclude Include="..\..\..\MLApp\MLGL.h">
      <Filter>MadronaLib\MLApp</Filter>
    </ClInclude>
    <ClInclude Include="..\..\..\MLApp\MLInputProtocols.h">
      <Filter>MadronaLib\MLApp</Filter>
    </ClInclude>
    <ClInclude Include="..\..\..\MLApp\MLModel.h">
      <Filter>MadronaLib\MLApp</Filter>
    </ClInclude>
    <ClInclude Include="..\..\..\MLApp\MLModelParam.h">
      <Filter>MadronaLib\MLApp</Filter>
    </ClInclude>
    <ClInclude Include="..\..\..\MLApp\MLNetServiceHub.h">
      <Filter>MadronaLib\MLApp</Filter>
    </ClInclude>
    <ClInclude Include="..\..\..\MLApp\MLOSCListener.h">
      <Filter>MadronaLib\MLApp</Filter>
    </ClInclude>
    <ClInclude Include="..\..\..\MLApp\MLPath.h">
      <Filter>MadronaLib\MLApp</Filter>
    </ClInclude>
    <ClInclude Include="..\..\..\MLApp\MLPlatform.h">
      <Filter>MadronaLib\MLApp</Filter>
    </ClInclude>
    <ClInclude Include="..\..\..\MLApp\MLReporter.h">
      <Filter>MadronaLib\MLApp</Filter>
    </ClInclude>
    <ClInclude Include="..\..\..\MLApp\MLResponder.h">
      <Filter>MadronaLib\MLApp</Filter>
    </ClInclude>
    <ClInclude Include="..\..\..\MLApp\MLSymbol.h">
      <Filter>MadronaLib\MLApp</Filter>
    </ClInclude>
    <ClInclude Include="..\..\..\MLApp\MLSymbolMap.h">
      <Filter>MadronaLib\MLApp</Filter>
    </ClInclude>
    <ClInclude Include="..\..\..\MLJuceApp\MLAppBorder.h">
      <Filter>MadronaLib\MLJuceApp</Filter>
    </ClInclude>
    <ClInclude Include="..\..\..\MLJuceApp\MLAppState.h">
      <Filter>MadronaLib\MLJuceApp</Filter>
    </ClInclude>
    <ClInclude Include="..\..\..\MLJuceApp\MLAppView.h">
      <Filter>MadronaLib\MLJuceApp</Filter>
    </ClInclude>
    <ClInclude Include="..\..\..\MLJuceApp\MLAppWindow.h">
      <Filter>MadronaLib\MLJuceApp</Filter>
    </ClInclude>
    <ClInclude Include="..\..\..\MLJuceApp\MLAudioProcessorListener.h">
      <Filter>MadronaLib\MLJuceApp</Filter>
    </ClInclude>
    <ClInclude Include="..\..\..\MLJuceApp\MLDefaultFileLocations.h">
      <Filter>MadronaLib\MLJuceApp</Filter>
    </ClInclude>
    <ClInclude Include="..\..\..\MLJuceApp\MLJuceFilesMac.h">
      <Filter>MadronaLib\MLJuceApp</Filter>
    </ClInclude>
    <ClInclude Include="..\..\..\MLJuceApp\MLJuceInclude.h">
      <Filter>MadronaLib\MLJuceApp</Filter>
    </ClInclude>
    <ClInclude Include="..\..\..\MLJuceApp\MLjuce_IncludeCharacteristics.h">
      <Filter>MadronaLib\MLJuceApp</Filter>
    </ClInclude>
    <ClInclude Include="..\..\..\MLJuceApp\MLMenu.h">
      <Filter>MadronaLib\MLJuceApp</Filter>
    </ClInclude>
    <ClInclude Include="..\..\..\MLJuceApp\MLPageView.h">
      <Filter>MadronaLib\MLJuceApp</Filter>
    </ClInclude>
    <ClInclude Include="..\..\..\MLJuceApp\MLParamSetter.h">
      <Filter>MadronaLib\MLJuceApp</Filter>
    </ClInclude>
    <ClInclude Include="..\..\..\MLJuceApp\MLPluginController.h">
      <Filter>MadronaLib\MLJuceApp</Filter>
    </ClInclude>
    <ClInclude Include="..\..\..\MLJuceApp\MLPluginEditor.h">
      <Filter>MadronaLib\MLJuceApp</Filter>
    </ClInclude>
    <ClInclude Include="..\..\..\MLJuceApp\MLPluginFormats.h">
      <Filter>MadronaLib\MLJuceApp</Filter>
    </ClInclude>
    <ClInclude Include="..\..\..\MLJuceApp\MLPluginProcessor.h">
      <Filter>MadronaLib\MLJuceApp</Filter>
    </ClInclude>
    <ClInclude Include="..\..\..\MLJuceApp\MLPluginView.h">
      <Filter>MadronaLib\MLJuceApp</Filter>
    </ClInclude>
    <ClInclude Include="..\..\..\MLJuceApp\MLSignalReporter.h">
      <Filter>MadronaLib\MLJuceApp</Filter>
    </ClInclude>
    <ClInclude Include="..\..\..\MLJuceApp\MLTime.h">
      <Filter>MadronaLib\MLJuceApp</Filter>
    </ClInclude>
    <ClInclude Include="..\..\..\MLJuceApp\MLWidget.h">
      <Filter>MadronaLib\MLJuceApp</Filter>
    </ClInclude>
    <ClInclude Include="..\..\..\MLJuceApp\MLWidgetContainer.h">
      <Filter>MadronaLib\MLJuceApp</Filter>
    </ClInclude>
    <ClInclude Include="..\..\..\cJSON\cJSON.h">
      <Filter>MadronaLib\cJSON</Filter>
    </ClInclude>
    <ClInclude Include="..\..\..\DSP\MLChangeList.h">
      <Filter>MadronaLib\DSP</Filter>
    </ClInclude>
    <ClInclude Include="..\..\..\DSP\MLDSP.h">
      <Filter>MadronaLib\DSP</Filter>
    </ClInclude>
    <ClInclude Include="..\..\..\DSP\MLDSPContext.h">
      <Filter>MadronaLib\DSP</Filter>
    </ClInclude>
    <ClInclude Include="..\..\..\DSP\MLDSPEngine.h">
      <Filter>MadronaLib\DSP</Filter>
    </ClInclude>
    <ClInclude Include="..\..\..\DSP\MLMultProxy.h">
      <Filter>MadronaLib\DSP</Filter>
    </ClInclude>
    <ClInclude Include="..\..\..\DSP\MLParameter.h">
      <Filter>MadronaLib\DSP</Filter>
    </ClInclude>
    <ClInclude Include="..\..\..\DSP\MLProc.h">
      <Filter>MadronaLib\DSP</Filter>
    </ClInclude>
    <ClInclude Include="..\..\..\DSP\MLProcContainer.h">
      <Filter>MadronaLib\DSP</Filter>
    </ClInclude>
    <ClInclude Include="..\..\..\DSP\MLProcDelayInput.h">
      <Filter>MadronaLib\DSP</Filter>
    </ClInclude>
    <ClInclude Include="..\..\..\DSP\MLProcHostPhasor.h">
      <Filter>MadronaLib\DSP</Filter>
    </ClInclude>
    <ClInclude Include="..\..\..\DSP\MLProcInputToSignals.h">
      <Filter>MadronaLib\DSP</Filter>
    </ClInclude>
    <ClInclude Include="..\..\..\DSP\MLProcMatrix.h">
      <Filter>MadronaLib\DSP</Filter>
    </ClInclude>
    <ClInclude Include="..\..\..\DSP\MLProcMultiple.h">
      <Filter>MadronaLib\DSP</Filter>
    </ClInclude>
    <ClInclude Include="..\..\..\DSP\MLProcRingBuffer.h">
      <Filter>MadronaLib\DSP</Filter>
    </ClInclude>
    <ClInclude Include="..\..\..\DSP\MLRatio.h">
      <Filter>MadronaLib\DSP</Filter>
    </ClInclude>
    <ClInclude Include="..\..\..\DSP\MLRingBuffer.h">
      <Filter>MadronaLib\DSP</Filter>
    </ClInclude>
    <ClInclude Include="..\..\..\DSP\MLScale.h">
      <Filter>MadronaLib\DSP</Filter>
    </ClInclude>
    <ClInclude Include="..\..\..\DSP\MLSignal.h">
      <Filter>MadronaLib\DSP</Filter>
    </ClInclude>
    <ClInclude Include="..\..\..\DSP\MLSignalViewer.h">
      <Filter>MadronaLib\DSP</Filter>
    </ClInclude>
    <ClInclude Include="..\..\..\DSP\MLVector.h">
      <Filter>MadronaLib\DSP</Filter>
    </ClInclude>
    <ClInclude Include="..\..\..\LookAndFeel\MLButton.h">
      <Filter>MadronaLib\LookAndFeel</Filter>
    </ClInclude>
    <ClInclude Include="..\..\..\LookAndFeel\MLDebugDisplay.h">
      <Filter>MadronaLib\LookAndFeel</Filter>
    </ClInclude>
    <ClInclude Include="..\..\..\LookAndFeel\MLDial.h">
      <Filter>MadronaLib\LookAndFeel</Filter>
    </ClInclude>
    <ClInclude Include="..\..\..\LookAndFeel\MLDrawableButton.h">
      <Filter>MadronaLib\LookAndFeel</Filter>
    </ClInclude>
    <ClInclude Include="..\..\..\LookAndFeel\MLDrawing.h">
      <Filter>MadronaLib\LookAndFeel</Filter>
    </ClInclude>
    <ClInclude Include="..\..\..\LookAndFeel\MLEnvelope.h">
      <Filter>MadronaLib\LookAndFeel</Filter>
    </ClInclude>
    <ClInclude Include="..\..\..\LookAndFeel\MLGraph.h">
      <Filter>MadronaLib\LookAndFeel</Filter>
    </ClInclude>
    <ClInclude Include="..\..\..\LookAndFeel\MLImageBank.h">
      <Filter>MadronaLib\LookAndFeel</Filter>
    </ClInclude>
    <ClInclude Include="..\..\..\LookAndFeel\MLLabel.h">
      <Filter>MadronaLib\LookAndFeel</Filter>
    </ClInclude>
    <ClInclude Include="..\..\..\LookAndFeel\MLLookAndFeel.h">
      <Filter>MadronaLib\LookAndFeel</Filter>
    </ClInclude>
    <ClInclude Include="..\..\..\LookAndFeel\MLMenuButton.h">
      <Filter>MadronaLib\LookAndFeel</Filter>
    </ClInclude>
    <ClInclude Include="..\..\..\LookAndFeel\MLMultiButton.h">
      <Filter>MadronaLib\LookAndFeel</Filter>
    </ClInclude>
    <ClInclude Include="..\..\..\LookAndFeel\MLMultiSlider.h">
      <Filter>MadronaLib\LookAndFeel</Filter>
    </ClInclude>
    <ClInclude Include="..\..\..\LookAndFeel\MLPanel.h">
      <Filter>MadronaLib\LookAndFeel</Filter>
    </ClInclude>
    <ClInclude Include="..\..\..\LookAndFeel\MLPositioner.h">
      <Filter>MadronaLib\LookAndFeel</Filter>
    </ClInclude>
    <ClInclude Include="..\..\..\LookAndFeel\MLSeparator.h">
      <Filter>MadronaLib\LookAndFeel</Filter>
    </ClInclude>
    <ClInclude Include="..\..\..\LookAndFeel\MLTextButton.h">
      <Filter>MadronaLib\LookAndFeel</Filter>
    </ClInclude>
    <ClInclude Include="..\..\..\LookAndFeel\MLToggleButton.h">
      <Filter>MadronaLib\LookAndFeel</Filter>
    </ClInclude>
    <ClInclude Include="..\..\..\LookAndFeel\MLUI.h">
      <Filter>MadronaLib\LookAndFeel</Filter>
    </ClInclude>
    <ClInclude Include="..\..\..\LookAndFeel\MLUIBinaryData.h">
      <Filter>MadronaLib\LookAndFeel</Filter>
    </ClInclude>
    <ClInclude Include="..\..\..\portaudio\pa_memorybarrier.h">
      <Filter>MadronaLib\portaudio</Filter>
    </ClInclude>
    <ClInclude Include="..\..\..\portaudio\pa_ringbuffer.h">
      <Filter>MadronaLib\portaudio</Filter>
    </ClInclude>
  </ItemGroup>
  <ItemGroup>
    <ClCompile Include="..\..\src\MLExampleController.cpp">
      <Filter>MLExample</Filter>
    </ClCompile>
    <ClCompile Include="..\..\src\MLExampleEditor.cpp">
      <Filter>MLExample</Filter>
    </ClCompile>
    <ClCompile Include="..\..\src\MLExampleProcessor.cpp">
      <Filter>MLExample</Filter>
    </ClCompile>
    <ClCompile Include="..\..\src\MLExampleView.cpp">
      <Filter>MLExample</Filter>
    </ClCompile>
    <ClCompile Include="..\..\PluginData\BinaryData\MLExampleBinaryData.cpp">
      <Filter>MLExample</Filter>
    </ClCompile>
    <ClCompile Include="..\..\..\MLApp\MLDebug.cpp">
      <Filter>MadronaLib\MLApp</Filter>
    </ClCompile>
    <ClCompile Include="..\..\..\MLApp\MLGL.cpp">
      <Filter>MadronaLib\MLApp</Filter>
    </ClCompile>
    <ClCompile Include="..\..\..\MLApp\MLModel.cpp">
      <Filter>MadronaLib\MLApp</Filter>
    </ClCompile>
    <ClCompile Include="..\..\..\MLApp\MLModelParam.cpp">
      <Filter>MadronaLib\MLApp</Filter>
    </ClCompile>
    <ClCompile Include="..\..\..\MLApp\MLNetServiceHub.cpp">
      <Filter>MadronaLib\MLApp</Filter>
    </ClCompile>
    <ClCompile Include="..\..\..\MLApp\MLOSCListener.cpp">
      <Filter>MadronaLib\MLApp</Filter>
    </ClCompile>
    <ClCompile Include="..\..\..\MLApp\MLPath.cpp">
      <Filter>MadronaLib\MLApp</Filter>
    </ClCompile>
    <ClCompile Include="..\..\..\MLApp\MLReporter.cpp">
      <Filter>MadronaLib\MLApp</Filter>
    </ClCompile>
    <ClCompile Include="..\..\..\MLApp\MLResponder.cpp">
      <Filter>MadronaLib\MLApp</Filter>
    </ClCompile>
    <ClCompile Include="..\..\..\MLApp\MLSymbol.cpp">
      <Filter>MadronaLib\MLApp</Filter>
    </ClCompile>
    <ClCompile Include="..\..\..\MLJuceApp\MLAppBorder.cpp">
      <Filter>MadronaLib\MLJuceApp</Filter>
    </ClCompile>
    <ClCompile Include="..\..\..\MLJuceApp\MLAppState.cpp">
      <Filter>MadronaLib\MLJuceApp</Filter>
    </ClCompile>
    <ClCompile Include="..\..\..\MLJuceApp\MLAppView.cpp">
      <Filter>MadronaLib\MLJuceApp</Filter>
    </ClCompile>
    <ClCompile Include="..\..\..\MLJuceApp\MLAppWindow.cpp">
      <Filter>MadronaLib\MLJuceApp</Filter>
    </ClCompile>
    <ClCompile Include="..\..\..\MLJuceApp\MLDefaultFileLocations.cpp">
      <Filter>MadronaLib\MLJuceApp</Filter>
    </ClCompile>
    <ClCompile Include="..\..\..\MLJuceApp\MLJuceFilesMac.cpp">
      <Filter>MadronaLib\MLJuceApp</Filter>
    </ClCompile>
    <ClCompile Include="..\..\..\MLJuceApp\MLjuce_VST_Wrapper.cpp">
      <Filter>MadronaLib\MLJuceApp</Filter>
    </ClCompile>
    <ClCompile Include="..\..\..\MLJuceApp\MLMenu.cpp">
      <Filter>MadronaLib\MLJuceApp</Filter>
    </ClCompile>
    <ClCompile Include="..\..\..\MLJuceApp\MLPageView.cpp">
      <Filter>MadronaLib\MLJuceApp</Filter>
    </ClCompile>
    <ClCompile Include="..\..\..\MLJuceApp\MLParamSetter.cpp">
      <Filter>MadronaLib\MLJuceApp</Filter>
    </ClCompile>
    <ClCompile Include="..\..\..\MLJuceApp\MLPluginController.cpp">
      <Filter>MadronaLib\MLJuceApp</Filter>
    </ClCompile>
    <ClCompile Include="..\..\..\MLJuceApp\MLPluginEditor.cpp">
      <Filter>MadronaLib\MLJuceApp</Filter>
    </ClCompile>
    <ClCompile Include="..\..\..\MLJuceApp\MLPluginProcessor.cpp">
      <Filter>MadronaLib\MLJuceApp</Filter>
    </ClCompile>
    <ClCompile Include="..\..\..\MLJuceApp\MLPluginView.cpp">
      <Filter>MadronaLib\MLJuceApp</Filter>
    </ClCompile>
    <ClCompile Include="..\..\..\MLJuceApp\MLSignalReporter.cpp">
      <Filter>MadronaLib\MLJuceApp</Filter>
    </ClCompile>
    <ClCompile Include="..\..\..\MLJuceApp\MLTime.cpp">
      <Filter>MadronaLib\MLJuceApp</Filter>
    </ClCompile>
    <ClCompile Include="..\..\..\MLJuceApp\MLWidget.cpp">
      <Filter>MadronaLib\MLJuceApp</Filter>
    </ClCompile>
    <ClCompile Include="..\..\..\MLJuceApp\MLWidgetContainer.cpp">
      <Filter>MadronaLib\MLJuceApp</Filter>
    </ClCompile>
    <ClCompile Include="..\..\..\cJSON\cJSON.c">
      <Filter>MadronaLib\cJSON</Filter>
    </ClCompile>
    <ClCompile Include="..\..\..\DSP\MLChangeList.cpp">
      <Filter>MadronaLib\DSP</Filter>
    </ClCompile>
    <ClCompile Include="..\..\..\DSP\MLDSP.cpp">
      <Filter>MadronaLib\DSP</Filter>
    </ClCompile>
    <ClCompile Include="..\..\..\DSP\MLDSPContext.cpp">
      <Filter>MadronaLib\DSP</Filter>
    </ClCompile>
    <ClCompile Include="..\..\..\DSP\MLDSPEngine.cpp">
      <Filter>MadronaLib\DSP</Filter>
    </ClCompile>
    <ClCompile Include="..\..\..\DSP\MLMultProxy.cpp">
      <Filter>MadronaLib\DSP</Filter>
    </ClCompile>
    <ClCompile Include="..\..\..\DSP\MLParameter.cpp">
      <Filter>MadronaLib\DSP</Filter>
    </ClCompile>
    <ClCompile Include="..\..\..\DSP\MLProc.cpp">
      <Filter>MadronaLib\DSP</Filter>
    </ClCompile>
    <ClCompile Include="..\..\..\DSP\MLProcAbs.cpp">
      <Filter>MadronaLib\DSP</Filter>
    </ClCompile>
    <ClCompile Include="..\..\..\DSP\MLProcAdd.cpp">
      <Filter>MadronaLib\DSP</Filter>
    </ClCompile>
    <ClCompile Include="..\..\..\DSP\MLProcAllpass.cpp">
      <Filter>MadronaLib\DSP</Filter>
    </ClCompile>
    <ClCompile Include="..\..\..\DSP\MLProcBiquad.cpp">
      <Filter>MadronaLib\DSP</Filter>
    </ClCompile>
    <ClCompile Include="..\..\..\DSP\MLProcClamp.cpp">
      <Filter>MadronaLib\DSP</Filter>
    </ClCompile>
    <ClCompile Include="..\..\..\DSP\MLProcClampSignal.cpp">
      <Filter>MadronaLib\DSP</Filter>
    </ClCompile>
    <ClCompile Include="..\..\..\DSP\MLProcContainer.cpp">
      <Filter>MadronaLib\DSP</Filter>
    </ClCompile>
    <ClCompile Include="..\..\..\DSP\MLProcCubicDistort.cpp">
      <Filter>MadronaLib\DSP</Filter>
    </ClCompile>
    <ClCompile Include="..\..\..\DSP\MLProcDCBlocker.cpp">
      <Filter>MadronaLib\DSP</Filter>
    </ClCompile>
    <ClCompile Include="..\..\..\DSP\MLProcDebug.cpp">
      <Filter>MadronaLib\DSP</Filter>
    </ClCompile>
    <ClCompile Include="..\..\..\DSP\MLProcDelay.cpp">
      <Filter>MadronaLib\DSP</Filter>
    </ClCompile>
    <ClCompile Include="..\..\..\DSP\MLProcDelayInput.cpp">
      <Filter>MadronaLib\DSP</Filter>
    </ClCompile>
    <ClCompile Include="..\..\..\DSP\MLProcDelayOutput.cpp">
      <Filter>MadronaLib\DSP</Filter>
    </ClCompile>
    <ClCompile Include="..\..\..\DSP\MLProcDivide.cpp">
      <Filter>MadronaLib\DSP</Filter>
    </ClCompile>
    <ClCompile Include="..\..\..\DSP\MLProcDxDt.cpp">
      <Filter>MadronaLib\DSP</Filter>
    </ClCompile>
    <ClCompile Include="..\..\..\DSP\MLProcEnvelope.cpp">
      <Filter>MadronaLib\DSP</Filter>
    </ClCompile>
    <ClCompile Include="..\..\..\DSP\MLProcExp2.cpp">
      <Filter>MadronaLib\DSP</Filter>
    </ClCompile>
    <ClCompile Include="..\..\..\DSP\MLProcFade.cpp">
      <Filter>MadronaLib\DSP</Filter>
    </ClCompile>
    <ClCompile Include="..\..\..\DSP\MLProcFadeBipolar.cpp">
      <Filter>MadronaLib\DSP</Filter>
    </ClCompile>
    <ClCompile Include="..\..\..\DSP\MLProcFMBandwidth.cpp">
      <Filter>MadronaLib\DSP</Filter>
    </ClCompile>
    <ClCompile Include="..\..\..\DSP\MLProcGlide.cpp">
      <Filter>MadronaLib\DSP</Filter>
    </ClCompile>
    <ClCompile Include="..\..\..\DSP\MLProcHostPhasor.cpp">
      <Filter>MadronaLib\DSP</Filter>
    </ClCompile>
    <ClCompile Include="..\..\..\DSP\MLProcInputToSignals.cpp">
      <Filter>MadronaLib\DSP</Filter>
    </ClCompile>
    <ClCompile Include="..\..\..\DSP\MLProcMatrix.cpp">
      <Filter>MadronaLib\DSP</Filter>
    </ClCompile>
    <ClCompile Include="..\..\..\DSP\MLProcMultiple.cpp">
      <Filter>MadronaLib\DSP</Filter>
    </ClCompile>
    <ClCompile Include="..\..\..\DSP\MLProcMultiply.cpp">
      <Filter>MadronaLib\DSP</Filter>
    </ClCompile>
    <ClCompile Include="..\..\..\DSP\MLProcMultiplyAdd.cpp">
      <Filter>MadronaLib\DSP</Filter>
    </ClCompile>
    <ClCompile Include="..\..\..\DSP\MLProcNoise.cpp">
      <Filter>MadronaLib\DSP</Filter>
    </ClCompile>
    <ClCompile Include="..\..\..\DSP\MLProcOnepole.cpp">
      <Filter>MadronaLib\DSP</Filter>
    </ClCompile>
    <ClCompile Include="..\..\..\DSP\MLProcPan.cpp">
      <Filter>MadronaLib\DSP</Filter>
    </ClCompile>
    <ClCompile Include="..\..\..\DSP\MLProcParamToSignal.cpp">
      <Filter>MadronaLib\DSP</Filter>
    </ClCompile>
    <ClCompile Include="..\..\..\DSP\MLProcPeak.cpp">
      <Filter>MadronaLib\DSP</Filter>
    </ClCompile>
    <ClCompile Include="..\..\..\DSP\MLProcPhasor.cpp">
      <Filter>MadronaLib\DSP</Filter>
    </ClCompile>
    <ClCompile Include="..\..\..\DSP\MLProcPow.cpp">
      <Filter>MadronaLib\DSP</Filter>
    </ClCompile>
    <ClCompile Include="..\..\..\DSP\MLProcQuantize.cpp">
      <Filter>MadronaLib\DSP</Filter>
    </ClCompile>
    <ClCompile Include="..\..\..\DSP\MLProcRate.cpp">
      <Filter>MadronaLib\DSP</Filter>
    </ClCompile>
    <ClCompile Include="..\..\..\DSP\MLProcResample.cpp">
      <Filter>MadronaLib\DSP</Filter>
    </ClCompile>
    <ClCompile Include="..\..\..\DSP\MLProcRingBuffer.cpp">
      <Filter>MadronaLib\DSP</Filter>
    </ClCompile>
    <ClCompile Include="..\..\..\DSP\MLProcRMS.cpp">
      <Filter>MadronaLib\DSP</Filter>
    </ClCompile>
    <ClCompile Include="..\..\..\DSP\MLProcSampleRate.cpp">
      <Filter>MadronaLib\DSP</Filter>
    </ClCompile>
    <ClCompile Include="..\..\..\DSP\MLProcSineOsc.cpp">
      <Filter>MadronaLib\DSP</Filter>
    </ClCompile>
    <ClCompile Include="..\..\..\DSP\MLProcSinePhase.cpp">
      <Filter>MadronaLib\DSP</Filter>
    </ClCompile>
    <ClCompile Include="..\..\..\DSP\MLProcSubtract.cpp">
      <Filter>MadronaLib\DSP</Filter>
    </ClCompile>
    <ClCompile Include="..\..\..\DSP\MLProcSum.cpp">
      <Filter>MadronaLib\DSP</Filter>
    </ClCompile>
    <ClCompile Include="..\..\..\DSP\MLProcSVF.cpp">
      <Filter>MadronaLib\DSP</Filter>
    </ClCompile>
    <ClCompile Include="..\..\..\DSP\MLProcThru.cpp">
      <Filter>MadronaLib\DSP</Filter>
    </ClCompile>
    <ClCompile Include="..\..\..\DSP\MLRatio.cpp">
      <Filter>MadronaLib\DSP</Filter>
    </ClCompile>
    <ClCompile Include="..\..\..\DSP\MLRingBuffer.cpp">
      <Filter>MadronaLib\DSP</Filter>
    </ClCompile>
    <ClCompile Include="..\..\..\DSP\MLScale.cpp">
      <Filter>MadronaLib\DSP</Filter>
    </ClCompile>
    <ClCompile Include="..\..\..\DSP\MLSignal.cpp">
      <Filter>MadronaLib\DSP</Filter>
    </ClCompile>
    <ClCompile Include="..\..\..\DSP\MLSignalViewer.cpp">
      <Filter>MadronaLib\DSP</Filter>
    </ClCompile>
    <ClCompile Include="..\..\..\DSP\MLVector.cpp">
      <Filter>MadronaLib\DSP</Filter>
    </ClCompile>
    <ClCompile Include="..\..\..\LookAndFeel\MLButton.cpp">
      <Filter>MadronaLib\LookAndFeel</Filter>
    </ClCompile>
    <ClCompile Include="..\..\..\LookAndFeel\MLDebugDisplay.cpp">
      <Filter>MadronaLib\LookAndFeel</Filter>
    </ClCompile>
    <ClCompile Include="..\..\..\LookAndFeel\MLDial.cpp">
      <Filter>MadronaLib\LookAndFeel</Filter>
    </ClCompile>
    <ClCompile Include="..\..\..\LookAndFeel\MLDrawableButton.cpp">
      <Filter>MadronaLib\LookAndFeel</Filter>
    </ClCompile>
    <ClCompile Include="..\..\..\LookAndFeel\MLDrawing.cpp">
      <Filter>MadronaLib\LookAndFeel</Filter>
    </ClCompile>
    <ClCompile Include="..\..\..\LookAndFeel\MLEnvelope.cpp">
      <Filter>MadronaLib\LookAndFeel</Filter>
    </ClCompile>
    <ClCompile Include="..\..\..\LookAndFeel\MLGraph.cpp">
      <Filter>MadronaLib\LookAndFeel</Filter>
    </ClCompile>
    <ClCompile Include="..\..\..\LookAndFeel\MLImageBank.cpp">
      <Filter>MadronaLib\LookAndFeel</Filter>
    </ClCompile>
    <ClCompile Include="..\..\..\LookAndFeel\MLLabel.cpp">
      <Filter>MadronaLib\LookAndFeel</Filter>
    </ClCompile>
    <ClCompile Include="..\..\..\LookAndFeel\MLLookAndFeel.cpp">
      <Filter>MadronaLib\LookAndFeel</Filter>
    </ClCompile>
    <ClCompile Include="..\..\..\LookAndFeel\MLMenuButton.cpp">
      <Filter>MadronaLib\LookAndFeel</Filter>
    </ClCompile>
    <ClCompile Include="..\..\..\LookAndFeel\MLMultiButton.cpp">
      <Filter>MadronaLib\LookAndFeel</Filter>
    </ClCompile>
    <ClCompile Include="..\..\..\LookAndFeel\MLMultiSlider.cpp">
      <Filter>MadronaLib\LookAndFeel</Filter>
    </ClCompile>
    <ClCompile Include="..\..\..\LookAndFeel\MLPanel.cpp">
      <Filter>MadronaLib\LookAndFeel</Filter>
    </ClCompile>
    <ClCompile Include="..\..\..\LookAndFeel\MLPositioner.cpp">
      <Filter>MadronaLib\LookAndFeel</Filter>
    </ClCompile>
    <ClCompile Include="..\..\..\LookAndFeel\MLSeparator.cpp">
      <Filter>MadronaLib\LookAndFeel</Filter>
    </ClCompile>
    <ClCompile Include="..\..\..\LookAndFeel\MLTextButton.cpp">
      <Filter>MadronaLib\LookAndFeel</Filter>
    </ClCompile>
    <ClCompile Include="..\..\..\LookAndFeel\MLToggleButton.cpp">
      <Filter>MadronaLib\LookAndFeel</Filter>
    </ClCompile>
    <ClCompile Include="..\..\..\LookAndFeel\MLUI.cpp">
      <Filter>MadronaLib\LookAndFeel</Filter>
    </ClCompile>
    <ClCompile Include="..\..\..\LookAndFeel\MLUIBinaryData.cpp">
      <Filter>MadronaLib\LookAndFeel</Filter>
    </ClCompile>
    <ClCompile Include="..\..\..\portaudio\pa_ringbuffer.cpp">
      <Filter>MadronaLib\portaudio</Filter>
    </ClCompile>
    <ClCompile Include="..\..\..\..\juce\modules\juce_audio_basics\juce_audio_basics.cpp">
      <Filter>JUCE Library Code</Filter>
    </ClCompile>
    <ClCompile Include="..\..\..\..\juce\modules\juce_audio_devices\juce_audio_devices.cpp">
      <Filter>JUCE Library Code</Filter>
    </ClCompile>
    <ClCompile Include="..\..\..\..\juce\modules\juce_audio_formats\juce_audio_formats.cpp">
      <Filter>JUCE Library Code</Filter>
    </ClCompile>
    <ClCompile Include="..\..\..\..\juce\modules\juce_audio_processors\juce_audio_processors.cpp">
      <Filter>JUCE Library Code</Filter>
    </ClCompile>
    <ClCompile Include="..\..\..\..\juce\modules\juce_audio_utils\juce_audio_utils.cpp">
      <Filter>JUCE Library Code</Filter>
    </ClCompile>
    <ClCompile Include="..\..\..\..\juce\modules\juce_core\juce_core.cpp">
      <Filter>JUCE Library Code</Filter>
    </ClCompile>
    <ClCompile Include="..\..\..\..\juce\modules\juce_data_structures\juce_data_structures.cpp">
      <Filter>JUCE Library Code</Filter>
    </ClCompile>
    <ClCompile Include="..\..\..\..\juce\modules\juce_events\juce_events.cpp">
      <Filter>JUCE Library Code</Filter>
    </ClCompile>
    <ClCompile Include="..\..\..\..\juce\modules\juce_graphics\juce_graphics.cpp">
      <Filter>JUCE Library Code</Filter>
    </ClCompile>
    <ClCompile Include="..\..\..\..\juce\modules\juce_gui_basics\juce_gui_basics.cpp">
      <Filter>JUCE Library Code</Filter>
    </ClCompile>
    <ClCompile Include="..\..\..\..\juce\modules\juce_gui_extra\juce_gui_extra.cpp">
      <Filter>JUCE Library Code</Filter>
    </ClCompile>
    <ClCompile Include="..\..\..\..\juce\modules\juce_audio_plugin_client\utility\juce_PluginUtilities.cpp">
      <Filter>JUCE Library Code</Filter>
    </ClCompile>
    <ClCompile Include="..\..\..\..\juce\modules\juce_opengl\juce_opengl.cpp">
      <Filter>JUCE Library Code</Filter>
    </ClCompile>
  </ItemGroup>
</Project>