// !$*UTF8*$!
{
	archiveVersion = 1;
	classes = {
	};
	objectVersion = 46;
	objects = {

/* Begin PBXBuildFile section */
		4C56E7CB08047C7700DE6468 /* SectionPatternLight.tiff in Resources */ = {isa = PBXBuildFile; fileRef = 4C56E7CA08047C7700DE6468 /* SectionPatternLight.tiff */; };
		4C69E18E083402BA00030563 /* CocoaView.nib in Resources */ = {isa = PBXBuildFile; fileRef = 4C69E18D083402BA00030563 /* CocoaView.nib */; };
		8B41193E0749636600361ABE /* MLEffect.r in Rez */ = {isa = PBXBuildFile; fileRef = 8BA05A680720730100365D66 /* MLEffect.r */; };
		8BA05A6B0720730100365D66 /* MLEffect.cpp in Sources */ = {isa = PBXBuildFile; fileRef = 8BA05A660720730100365D66 /* MLEffect.cpp */; };
		8BA05A6E0720730100365D66 /* MLEffectVersion.h in Headers */ = {isa = PBXBuildFile; fileRef = 8BA05A690720730100365D66 /* MLEffectVersion.h */; };
		8BA05AFC072074E100365D66 /* AudioToolbox.framework in Frameworks */ = {isa = PBXBuildFile; fileRef = 8BA05AF9072074E100365D66 /* AudioToolbox.framework */; };
		8BA05AFD072074E100365D66 /* AudioUnit.framework in Frameworks */ = {isa = PBXBuildFile; fileRef = 8BA05AFA072074E100365D66 /* AudioUnit.framework */; };
		8BA05B02072074F900365D66 /* CoreServices.framework in Frameworks */ = {isa = PBXBuildFile; fileRef = 8BA05B01072074F900365D66 /* CoreServices.framework */; };
		8BA4AE54073EB72300A2709A /* MLEffect_ViewFactory.h in Headers */ = {isa = PBXBuildFile; fileRef = 8BA4ADCE073EB19800A2709A /* MLEffect_ViewFactory.h */; };
		8BA4AE55073EB72300A2709A /* MLEffect_UIView.h in Headers */ = {isa = PBXBuildFile; fileRef = 8BA4ADD0073EB19800A2709A /* MLEffect_UIView.h */; };
		8BA4AE56073EB73300A2709A /* MLEffect_ViewFactory.m in Sources */ = {isa = PBXBuildFile; fileRef = 8BA4ADCF073EB19800A2709A /* MLEffect_ViewFactory.m */; };
		8BA4AE57073EB73300A2709A /* MLEffect_UIView.m in Sources */ = {isa = PBXBuildFile; fileRef = 8BA4ADD1073EB19800A2709A /* MLEffect_UIView.m */; };
		8BA4AE5C073EB79000A2709A /* Cocoa.framework in Frameworks */ = {isa = PBXBuildFile; fileRef = 8BA4AE5B073EB79000A2709A /* Cocoa.framework */; };
		8BA4AE5D073EB7C300A2709A /* Cocoa.framework in Frameworks */ = {isa = PBXBuildFile; fileRef = 8BA4AE5B073EB79000A2709A /* Cocoa.framework */; };
		8BA4AE5E073EB7C500A2709A /* AudioUnit.framework in Frameworks */ = {isa = PBXBuildFile; fileRef = 8BA05AFA072074E100365D66 /* AudioUnit.framework */; };
		8BA4AE5F073EB7C600A2709A /* AudioToolbox.framework in Frameworks */ = {isa = PBXBuildFile; fileRef = 8BA05AF9072074E100365D66 /* AudioToolbox.framework */; };
		8BA4AE66073EBB2E00A2709A /* CocoaFilterView.bundle in CopyFiles */ = {isa = PBXBuildFile; fileRef = 8BA4AE4E073EB69000A2709A /* CocoaFilterView.bundle */; };
		8D01CCC80486CAD60068D4B7 /* MLEffect_Prefix.pch in Headers */ = {isa = PBXBuildFile; fileRef = 32BAE0B30371A71500C91783 /* MLEffect_Prefix.pch */; };
		8D01CCCA0486CAD60068D4B7 /* InfoPlist.strings in Resources */ = {isa = PBXBuildFile; fileRef = 089C167DFE841241C02AAC07 /* InfoPlist.strings */; };
		B540B7FC17B55B630051AB5B /* AUBase.cpp in Sources */ = {isa = PBXBuildFile; fileRef = B540B7ED17B55B630051AB5B /* AUBase.cpp */; };
		B540B7FD17B55B630051AB5B /* AUBase.h in Headers */ = {isa = PBXBuildFile; fileRef = B540B7EE17B55B630051AB5B /* AUBase.h */; };
		B540B7FE17B55B630051AB5B /* AUDispatch.cpp in Sources */ = {isa = PBXBuildFile; fileRef = B540B7EF17B55B630051AB5B /* AUDispatch.cpp */; };
		B540B7FF17B55B630051AB5B /* AUDispatch.h in Headers */ = {isa = PBXBuildFile; fileRef = B540B7F017B55B630051AB5B /* AUDispatch.h */; };
		B540B80017B55B630051AB5B /* AUInputElement.cpp in Sources */ = {isa = PBXBuildFile; fileRef = B540B7F117B55B630051AB5B /* AUInputElement.cpp */; };
		B540B80117B55B630051AB5B /* AUInputElement.h in Headers */ = {isa = PBXBuildFile; fileRef = B540B7F217B55B630051AB5B /* AUInputElement.h */; };
		B540B80217B55B630051AB5B /* AUOutputElement.cpp in Sources */ = {isa = PBXBuildFile; fileRef = B540B7F317B55B630051AB5B /* AUOutputElement.cpp */; };
		B540B80317B55B630051AB5B /* AUOutputElement.h in Headers */ = {isa = PBXBuildFile; fileRef = B540B7F417B55B630051AB5B /* AUOutputElement.h */; };
		B540B80417B55B630051AB5B /* AUPlugInDispatch.cpp in Sources */ = {isa = PBXBuildFile; fileRef = B540B7F517B55B630051AB5B /* AUPlugInDispatch.cpp */; };
		B540B80517B55B630051AB5B /* AUPlugInDispatch.h in Headers */ = {isa = PBXBuildFile; fileRef = B540B7F617B55B630051AB5B /* AUPlugInDispatch.h */; };
		B540B80717B55B630051AB5B /* AUScopeElement.cpp in Sources */ = {isa = PBXBuildFile; fileRef = B540B7F817B55B630051AB5B /* AUScopeElement.cpp */; };
		B540B80817B55B630051AB5B /* AUScopeElement.h in Headers */ = {isa = PBXBuildFile; fileRef = B540B7F917B55B630051AB5B /* AUScopeElement.h */; };
		B540B80917B55B630051AB5B /* ComponentBase.cpp in Sources */ = {isa = PBXBuildFile; fileRef = B540B7FA17B55B630051AB5B /* ComponentBase.cpp */; };
		B540B80A17B55B630051AB5B /* ComponentBase.h in Headers */ = {isa = PBXBuildFile; fileRef = B540B7FB17B55B630051AB5B /* ComponentBase.h */; };
		B540B81817B55B740051AB5B /* AUEffectBase.cpp in Sources */ = {isa = PBXBuildFile; fileRef = B540B80C17B55B740051AB5B /* AUEffectBase.cpp */; };
		B540B81917B55B740051AB5B /* AUEffectBase.h in Headers */ = {isa = PBXBuildFile; fileRef = B540B80D17B55B740051AB5B /* AUEffectBase.h */; };
		B540B81A17B55B740051AB5B /* AUMIDIBase.cpp in Sources */ = {isa = PBXBuildFile; fileRef = B540B80E17B55B740051AB5B /* AUMIDIBase.cpp */; };
		B540B81B17B55B740051AB5B /* AUMIDIBase.h in Headers */ = {isa = PBXBuildFile; fileRef = B540B80F17B55B740051AB5B /* AUMIDIBase.h */; };
		B540B81C17B55B740051AB5B /* AUMIDIEffectBase.cpp in Sources */ = {isa = PBXBuildFile; fileRef = B540B81017B55B740051AB5B /* AUMIDIEffectBase.cpp */; };
		B540B81D17B55B740051AB5B /* AUMIDIEffectBase.h in Headers */ = {isa = PBXBuildFile; fileRef = B540B81117B55B740051AB5B /* AUMIDIEffectBase.h */; };
		B540B81E17B55B740051AB5B /* AUOutputBase.cpp in Sources */ = {isa = PBXBuildFile; fileRef = B540B81217B55B740051AB5B /* AUOutputBase.cpp */; };
		B540B81F17B55B740051AB5B /* AUOutputBase.h in Headers */ = {isa = PBXBuildFile; fileRef = B540B81317B55B740051AB5B /* AUOutputBase.h */; };
		B540B82217B55B740051AB5B /* MusicDeviceBase.cpp in Sources */ = {isa = PBXBuildFile; fileRef = B540B81617B55B740051AB5B /* MusicDeviceBase.cpp */; };
		B540B82317B55B740051AB5B /* MusicDeviceBase.h in Headers */ = {isa = PBXBuildFile; fileRef = B540B81717B55B740051AB5B /* MusicDeviceBase.h */; };
		B540B82E17B55B820051AB5B /* AUBaseHelper.cpp in Sources */ = {isa = PBXBuildFile; fileRef = B540B82517B55B820051AB5B /* AUBaseHelper.cpp */; };
		B540B82F17B55B820051AB5B /* AUBaseHelper.h in Headers */ = {isa = PBXBuildFile; fileRef = B540B82617B55B820051AB5B /* AUBaseHelper.h */; };
		B540B83017B55B820051AB5B /* AUBuffer.cpp in Sources */ = {isa = PBXBuildFile; fileRef = B540B82717B55B820051AB5B /* AUBuffer.cpp */; };
		B540B83117B55B820051AB5B /* AUBuffer.h in Headers */ = {isa = PBXBuildFile; fileRef = B540B82817B55B820051AB5B /* AUBuffer.h */; };
		B540B83217B55B820051AB5B /* AUInputFormatConverter.h in Headers */ = {isa = PBXBuildFile; fileRef = B540B82917B55B820051AB5B /* AUInputFormatConverter.h */; };
		B540B83317B55B820051AB5B /* AUMIDIDefs.h in Headers */ = {isa = PBXBuildFile; fileRef = B540B82A17B55B820051AB5B /* AUMIDIDefs.h */; };
		B540B83417B55B820051AB5B /* AUSilentTimeout.h in Headers */ = {isa = PBXBuildFile; fileRef = B540B82B17B55B820051AB5B /* AUSilentTimeout.h */; };
		B5F54FFD13202C7A0003DEF3 /* CAVectorUnitTypes.h in Headers */ = {isa = PBXBuildFile; fileRef = B5F54FF513202C7A0003DEF3 /* CAVectorUnitTypes.h */; };
		B5F54FFE13202C7A0003DEF3 /* CAVectorUnit.h in Headers */ = {isa = PBXBuildFile; fileRef = B5F54FF613202C7A0003DEF3 /* CAVectorUnit.h */; };
		B5F54FFF13202C7A0003DEF3 /* CAVectorUnit.cpp in Sources */ = {isa = PBXBuildFile; fileRef = B5F54FF713202C7A0003DEF3 /* CAVectorUnit.cpp */; };
		B5F5500013202C7A0003DEF3 /* CAThreadSafeList.h in Headers */ = {isa = PBXBuildFile; fileRef = B5F54FF813202C7A0003DEF3 /* CAThreadSafeList.h */; };
		B5F5500113202C7A0003DEF3 /* CAStreamBasicDescription.h in Headers */ = {isa = PBXBuildFile; fileRef = B5F54FF913202C7A0003DEF3 /* CAStreamBasicDescription.h */; };
		B5F5500213202C7A0003DEF3 /* CAStreamBasicDescription.cpp in Sources */ = {isa = PBXBuildFile; fileRef = B5F54FFA13202C7A0003DEF3 /* CAStreamBasicDescription.cpp */; };
		B5F5500313202C7A0003DEF3 /* CAAudioChannelLayout.h in Headers */ = {isa = PBXBuildFile; fileRef = B5F54FFB13202C7A0003DEF3 /* CAAudioChannelLayout.h */; };
		B5F5500413202C7A0003DEF3 /* CAAudioChannelLayout.cpp in Sources */ = {isa = PBXBuildFile; fileRef = B5F54FFC13202C7A0003DEF3 /* CAAudioChannelLayout.cpp */; };
/* End PBXBuildFile section */

/* Begin PBXContainerItemProxy section */
		8B707175074BC40400FFC872 /* PBXContainerItemProxy */ = {
			isa = PBXContainerItemProxy;
			containerPortal = 089C1669FE841209C02AAC07 /* Project object */;
			proxyType = 1;
			remoteGlobalIDString = 8BA4AE4D073EB69000A2709A;
			remoteInfo = CocoaUI;
		};
/* End PBXContainerItemProxy section */

/* Begin PBXCopyFilesBuildPhase section */
		8BA4AE65073EBB1B00A2709A /* CopyFiles */ = {
			isa = PBXCopyFilesBuildPhase;
			buildActionMask = 2147483647;
			dstPath = "";
			dstSubfolderSpec = 7;
			files = (
				8BA4AE66073EBB2E00A2709A /* CocoaFilterView.bundle in CopyFiles */,
			);
			runOnlyForDeploymentPostprocessing = 0;
		};
/* End PBXCopyFilesBuildPhase section */

/* Begin PBXFileReference section */
		089C167EFE841241C02AAC07 /* English */ = {isa = PBXFileReference; fileEncoding = 10; lastKnownFileType = text.plist.strings; name = English; path = English.lproj/InfoPlist.strings; sourceTree = "<group>"; };
		32BAE0B30371A71500C91783 /* MLEffect_Prefix.pch */ = {isa = PBXFileReference; fileEncoding = 4; lastKnownFileType = sourcecode.c.h; path = MLEffect_Prefix.pch; sourceTree = "<group>"; };
		4C56E7CA08047C7700DE6468 /* SectionPatternLight.tiff */ = {isa = PBXFileReference; lastKnownFileType = image.tiff; path = SectionPatternLight.tiff; sourceTree = "<group>"; };
		8BA05A660720730100365D66 /* MLEffect.cpp */ = {isa = PBXFileReference; fileEncoding = 30; lastKnownFileType = sourcecode.cpp.cpp; name = MLEffect.cpp; path = Source/AUSource/MLEffect.cpp; sourceTree = "<group>"; };
		8BA05A670720730100365D66 /* MLEffect.exp */ = {isa = PBXFileReference; fileEncoding = 30; lastKnownFileType = sourcecode.exports; path = MLEffect.exp; sourceTree = "<group>"; };
		8BA05A680720730100365D66 /* MLEffect.r */ = {isa = PBXFileReference; fileEncoding = 30; lastKnownFileType = sourcecode.rez; name = MLEffect.r; path = Source/AUSource/MLEffect.r; sourceTree = "<group>"; };
		8BA05A690720730100365D66 /* MLEffectVersion.h */ = {isa = PBXFileReference; fileEncoding = 30; lastKnownFileType = sourcecode.c.h; name = MLEffectVersion.h; path = Source/AUSource/MLEffectVersion.h; sourceTree = "<group>"; };
		8BA05AF9072074E100365D66 /* AudioToolbox.framework */ = {isa = PBXFileReference; lastKnownFileType = wrapper.framework; name = AudioToolbox.framework; path = /System/Library/Frameworks/AudioToolbox.framework; sourceTree = "<absolute>"; };
		8BA05AFA072074E100365D66 /* AudioUnit.framework */ = {isa = PBXFileReference; lastKnownFileType = wrapper.framework; name = AudioUnit.framework; path = /System/Library/Frameworks/AudioUnit.framework; sourceTree = "<absolute>"; };
		8BA05AFB072074E100365D66 /* CoreAudio.framework */ = {isa = PBXFileReference; lastKnownFileType = wrapper.framework; name = CoreAudio.framework; path = /System/Library/Frameworks/CoreAudio.framework; sourceTree = "<absolute>"; };
		8BA05B01072074F900365D66 /* CoreServices.framework */ = {isa = PBXFileReference; lastKnownFileType = wrapper.framework; name = CoreServices.framework; path = /System/Library/Frameworks/CoreServices.framework; sourceTree = "<absolute>"; };
		8BA4ADCE073EB19800A2709A /* MLEffect_ViewFactory.h */ = {isa = PBXFileReference; fileEncoding = 30; lastKnownFileType = sourcecode.c.h; name = MLEffect_ViewFactory.h; path = Source/CocoaUI/MLEffect_ViewFactory.h; sourceTree = "<group>"; };
		8BA4ADCF073EB19800A2709A /* MLEffect_ViewFactory.m */ = {isa = PBXFileReference; fileEncoding = 30; lastKnownFileType = sourcecode.c.objc; name = MLEffect_ViewFactory.m; path = Source/CocoaUI/MLEffect_ViewFactory.m; sourceTree = "<group>"; };
		8BA4ADD0073EB19800A2709A /* MLEffect_UIView.h */ = {isa = PBXFileReference; fileEncoding = 30; lastKnownFileType = sourcecode.c.h; name = MLEffect_UIView.h; path = Source/CocoaUI/MLEffect_UIView.h; sourceTree = "<group>"; };
		8BA4ADD1073EB19800A2709A /* MLEffect_UIView.m */ = {isa = PBXFileReference; fileEncoding = 30; lastKnownFileType = sourcecode.c.objc; name = MLEffect_UIView.m; path = Source/CocoaUI/MLEffect_UIView.m; sourceTree = "<group>"; };
		8BA4ADF4073EB43200A2709A /* English */ = {isa = PBXFileReference; lastKnownFileType = wrapper.nib; name = English; path = English.lproj/CocoaView.nib; sourceTree = "<group>"; };
		8BA4AE4E073EB69000A2709A /* CocoaFilterView.bundle */ = {isa = PBXFileReference; explicitFileType = wrapper.cfbundle; includeInIndex = 0; path = CocoaFilterView.bundle; sourceTree = BUILT_PRODUCTS_DIR; };
		8BA4AE4F073EB69000A2709A /* CocoaFilterView.plist */ = {isa = PBXFileReference; lastKnownFileType = text.plist.xml; path = CocoaFilterView.plist; sourceTree = "<group>"; };
		8BA4AE5B073EB79000A2709A /* Cocoa.framework */ = {isa = PBXFileReference; lastKnownFileType = wrapper.framework; name = Cocoa.framework; path = /System/Library/Frameworks/Cocoa.framework; sourceTree = "<absolute>"; };
		8D01CCD10486CAD60068D4B7 /* Info.plist */ = {isa = PBXFileReference; fileEncoding = 4; lastKnownFileType = text.plist; path = Info.plist; sourceTree = "<group>"; };
		8D01CCD20486CAD60068D4B7 /* MLEffect.component */ = {isa = PBXFileReference; explicitFileType = wrapper.cfbundle; includeInIndex = 0; path = MLEffect.component; sourceTree = BUILT_PRODUCTS_DIR; };
		B540B7ED17B55B630051AB5B /* AUBase.cpp */ = {isa = PBXFileReference; fileEncoding = 4; lastKnownFileType = sourcecode.cpp.cpp; path = AUBase.cpp; sourceTree = "<group>"; };
		B540B7EE17B55B630051AB5B /* AUBase.h */ = {isa = PBXFileReference; fileEncoding = 4; lastKnownFileType = sourcecode.c.h; path = AUBase.h; sourceTree = "<group>"; };
		B540B7EF17B55B630051AB5B /* AUDispatch.cpp */ = {isa = PBXFileReference; fileEncoding = 4; lastKnownFileType = sourcecode.cpp.cpp; path = AUDispatch.cpp; sourceTree = "<group>"; };
		B540B7F017B55B630051AB5B /* AUDispatch.h */ = {isa = PBXFileReference; fileEncoding = 4; lastKnownFileType = sourcecode.c.h; path = AUDispatch.h; sourceTree = "<group>"; };
		B540B7F117B55B630051AB5B /* AUInputElement.cpp */ = {isa = PBXFileReference; fileEncoding = 4; lastKnownFileType = sourcecode.cpp.cpp; path = AUInputElement.cpp; sourceTree = "<group>"; };
		B540B7F217B55B630051AB5B /* AUInputElement.h */ = {isa = PBXFileReference; fileEncoding = 4; lastKnownFileType = sourcecode.c.h; path = AUInputElement.h; sourceTree = "<group>"; };
		B540B7F317B55B630051AB5B /* AUOutputElement.cpp */ = {isa = PBXFileReference; fileEncoding = 4; lastKnownFileType = sourcecode.cpp.cpp; path = AUOutputElement.cpp; sourceTree = "<group>"; };
		B540B7F417B55B630051AB5B /* AUOutputElement.h */ = {isa = PBXFileReference; fileEncoding = 4; lastKnownFileType = sourcecode.c.h; path = AUOutputElement.h; sourceTree = "<group>"; };
		B540B7F517B55B630051AB5B /* AUPlugInDispatch.cpp */ = {isa = PBXFileReference; fileEncoding = 4; lastKnownFileType = sourcecode.cpp.cpp; path = AUPlugInDispatch.cpp; sourceTree = "<group>"; };
		B540B7F617B55B630051AB5B /* AUPlugInDispatch.h */ = {isa = PBXFileReference; fileEncoding = 4; lastKnownFileType = sourcecode.c.h; path = AUPlugInDispatch.h; sourceTree = "<group>"; };
		B540B7F817B55B630051AB5B /* AUScopeElement.cpp */ = {isa = PBXFileReference; fileEncoding = 4; lastKnownFileType = sourcecode.cpp.cpp; path = AUScopeElement.cpp; sourceTree = "<group>"; };
		B540B7F917B55B630051AB5B /* AUScopeElement.h */ = {isa = PBXFileReference; fileEncoding = 4; lastKnownFileType = sourcecode.c.h; path = AUScopeElement.h; sourceTree = "<group>"; };
		B540B7FA17B55B630051AB5B /* ComponentBase.cpp */ = {isa = PBXFileReference; fileEncoding = 4; lastKnownFileType = sourcecode.cpp.cpp; path = ComponentBase.cpp; sourceTree = "<group>"; };
		B540B7FB17B55B630051AB5B /* ComponentBase.h */ = {isa = PBXFileReference; fileEncoding = 4; lastKnownFileType = sourcecode.c.h; path = ComponentBase.h; sourceTree = "<group>"; };
		B540B80C17B55B740051AB5B /* AUEffectBase.cpp */ = {isa = PBXFileReference; fileEncoding = 4; lastKnownFileType = sourcecode.cpp.cpp; path = AUEffectBase.cpp; sourceTree = "<group>"; };
		B540B80D17B55B740051AB5B /* AUEffectBase.h */ = {isa = PBXFileReference; fileEncoding = 4; lastKnownFileType = sourcecode.c.h; path = AUEffectBase.h; sourceTree = "<group>"; };
		B540B80E17B55B740051AB5B /* AUMIDIBase.cpp */ = {isa = PBXFileReference; fileEncoding = 4; lastKnownFileType = sourcecode.cpp.cpp; path = AUMIDIBase.cpp; sourceTree = "<group>"; };
		B540B80F17B55B740051AB5B /* AUMIDIBase.h */ = {isa = PBXFileReference; fileEncoding = 4; lastKnownFileType = sourcecode.c.h; path = AUMIDIBase.h; sourceTree = "<group>"; };
		B540B81017B55B740051AB5B /* AUMIDIEffectBase.cpp */ = {isa = PBXFileReference; fileEncoding = 4; lastKnownFileType = sourcecode.cpp.cpp; path = AUMIDIEffectBase.cpp; sourceTree = "<group>"; };
		B540B81117B55B740051AB5B /* AUMIDIEffectBase.h */ = {isa = PBXFileReference; fileEncoding = 4; lastKnownFileType = sourcecode.c.h; path = AUMIDIEffectBase.h; sourceTree = "<group>"; };
		B540B81217B55B740051AB5B /* AUOutputBase.cpp */ = {isa = PBXFileReference; fileEncoding = 4; lastKnownFileType = sourcecode.cpp.cpp; path = AUOutputBase.cpp; sourceTree = "<group>"; };
		B540B81317B55B740051AB5B /* AUOutputBase.h */ = {isa = PBXFileReference; fileEncoding = 4; lastKnownFileType = sourcecode.c.h; path = AUOutputBase.h; sourceTree = "<group>"; };
		B540B81617B55B740051AB5B /* MusicDeviceBase.cpp */ = {isa = PBXFileReference; fileEncoding = 4; lastKnownFileType = sourcecode.cpp.cpp; path = MusicDeviceBase.cpp; sourceTree = "<group>"; };
		B540B81717B55B740051AB5B /* MusicDeviceBase.h */ = {isa = PBXFileReference; fileEncoding = 4; lastKnownFileType = sourcecode.c.h; path = MusicDeviceBase.h; sourceTree = "<group>"; };
		B540B82517B55B820051AB5B /* AUBaseHelper.cpp */ = {isa = PBXFileReference; fileEncoding = 4; lastKnownFileType = sourcecode.cpp.cpp; path = AUBaseHelper.cpp; sourceTree = "<group>"; };
		B540B82617B55B820051AB5B /* AUBaseHelper.h */ = {isa = PBXFileReference; fileEncoding = 4; lastKnownFileType = sourcecode.c.h; path = AUBaseHelper.h; sourceTree = "<group>"; };
		B540B82717B55B820051AB5B /* AUBuffer.cpp */ = {isa = PBXFileReference; fileEncoding = 4; lastKnownFileType = sourcecode.cpp.cpp; path = AUBuffer.cpp; sourceTree = "<group>"; };
		B540B82817B55B820051AB5B /* AUBuffer.h */ = {isa = PBXFileReference; fileEncoding = 4; lastKnownFileType = sourcecode.c.h; path = AUBuffer.h; sourceTree = "<group>"; };
		B540B82917B55B820051AB5B /* AUInputFormatConverter.h */ = {isa = PBXFileReference; fileEncoding = 4; lastKnownFileType = sourcecode.c.h; path = AUInputFormatConverter.h; sourceTree = "<group>"; };
		B540B82A17B55B820051AB5B /* AUMIDIDefs.h */ = {isa = PBXFileReference; fileEncoding = 4; lastKnownFileType = sourcecode.c.h; path = AUMIDIDefs.h; sourceTree = "<group>"; };
		B540B82B17B55B820051AB5B /* AUSilentTimeout.h */ = {isa = PBXFileReference; fileEncoding = 4; lastKnownFileType = sourcecode.c.h; path = AUSilentTimeout.h; sourceTree = "<group>"; };
		B5F54FF513202C7A0003DEF3 /* CAVectorUnitTypes.h */ = {isa = PBXFileReference; fileEncoding = 4; lastKnownFileType = sourcecode.c.h; name = CAVectorUnitTypes.h; path = /Library/Developer/CoreAudio/PublicUtility/CAVectorUnitTypes.h; sourceTree = "<absolute>"; };
		B5F54FF613202C7A0003DEF3 /* CAVectorUnit.h */ = {isa = PBXFileReference; fileEncoding = 4; lastKnownFileType = sourcecode.c.h; name = CAVectorUnit.h; path = /Library/Developer/CoreAudio/PublicUtility/CAVectorUnit.h; sourceTree = "<absolute>"; };
		B5F54FF713202C7A0003DEF3 /* CAVectorUnit.cpp */ = {isa = PBXFileReference; fileEncoding = 4; lastKnownFileType = sourcecode.cpp.cpp; name = CAVectorUnit.cpp; path = /Library/Developer/CoreAudio/PublicUtility/CAVectorUnit.cpp; sourceTree = "<absolute>"; };
		B5F54FF813202C7A0003DEF3 /* CAThreadSafeList.h */ = {isa = PBXFileReference; fileEncoding = 4; lastKnownFileType = sourcecode.c.h; name = CAThreadSafeList.h; path = /Library/Developer/CoreAudio/PublicUtility/CAThreadSafeList.h; sourceTree = "<absolute>"; };
		B5F54FF913202C7A0003DEF3 /* CAStreamBasicDescription.h */ = {isa = PBXFileReference; fileEncoding = 4; lastKnownFileType = sourcecode.c.h; name = CAStreamBasicDescription.h; path = /Library/Developer/CoreAudio/PublicUtility/CAStreamBasicDescription.h; sourceTree = "<absolute>"; };
		B5F54FFA13202C7A0003DEF3 /* CAStreamBasicDescription.cpp */ = {isa = PBXFileReference; fileEncoding = 4; lastKnownFileType = sourcecode.cpp.cpp; name = CAStreamBasicDescription.cpp; path = /Library/Developer/CoreAudio/PublicUtility/CAStreamBasicDescription.cpp; sourceTree = "<absolute>"; };
		B5F54FFB13202C7A0003DEF3 /* CAAudioChannelLayout.h */ = {isa = PBXFileReference; fileEncoding = 4; lastKnownFileType = sourcecode.c.h; name = CAAudioChannelLayout.h; path = /Library/Developer/CoreAudio/PublicUtility/CAAudioChannelLayout.h; sourceTree = "<absolute>"; };
		B5F54FFC13202C7A0003DEF3 /* CAAudioChannelLayout.cpp */ = {isa = PBXFileReference; fileEncoding = 4; lastKnownFileType = sourcecode.cpp.cpp; name = CAAudioChannelLayout.cpp; path = /Library/Developer/CoreAudio/PublicUtility/CAAudioChannelLayout.cpp; sourceTree = "<absolute>"; };
/* End PBXFileReference section */

/* Begin PBXFrameworksBuildPhase section */
		8BA4AE4C073EB69000A2709A /* Frameworks */ = {
			isa = PBXFrameworksBuildPhase;
			buildActionMask = 2147483647;
			files = (
				8BA4AE5D073EB7C300A2709A /* Cocoa.framework in Frameworks */,
				8BA4AE5E073EB7C500A2709A /* AudioUnit.framework in Frameworks */,
				8BA4AE5F073EB7C600A2709A /* AudioToolbox.framework in Frameworks */,
			);
			runOnlyForDeploymentPostprocessing = 0;
		};
		8D01CCCD0486CAD60068D4B7 /* Frameworks */ = {
			isa = PBXFrameworksBuildPhase;
			buildActionMask = 2147483647;
			files = (
				8BA05AFC072074E100365D66 /* AudioToolbox.framework in Frameworks */,
				8BA05AFD072074E100365D66 /* AudioUnit.framework in Frameworks */,
				8BA05B02072074F900365D66 /* CoreServices.framework in Frameworks */,
				8BA4AE5C073EB79000A2709A /* Cocoa.framework in Frameworks */,
			);
			runOnlyForDeploymentPostprocessing = 0;
		};
/* End PBXFrameworksBuildPhase section */

/* Begin PBXGroup section */
		089C166AFE841209C02AAC07 /* FilterDemo */ = {
			isa = PBXGroup;
			children = (
				08FB77ADFE841716C02AAC07 /* Source */,
				089C167CFE841241C02AAC07 /* Resources */,
				089C1671FE841209C02AAC07 /* External Frameworks and Libraries */,
				19C28FB4FE9D528D11CA2CBB /* Products */,
			);
			name = FilterDemo;
			sourceTree = "<group>";
		};
		089C1671FE841209C02AAC07 /* External Frameworks and Libraries */ = {
			isa = PBXGroup;
			children = (
				8BA4AE5B073EB79000A2709A /* Cocoa.framework */,
				8BA05B01072074F900365D66 /* CoreServices.framework */,
				8BA05AF9072074E100365D66 /* AudioToolbox.framework */,
				8BA05AFA072074E100365D66 /* AudioUnit.framework */,
				8BA05AFB072074E100365D66 /* CoreAudio.framework */,
			);
			name = "External Frameworks and Libraries";
			sourceTree = "<group>";
		};
		089C167CFE841241C02AAC07 /* Resources */ = {
			isa = PBXGroup;
			children = (
				4C69E18D083402BA00030563 /* CocoaView.nib */,
				4C56E7CA08047C7700DE6468 /* SectionPatternLight.tiff */,
				8BA4AE4F073EB69000A2709A /* CocoaFilterView.plist */,
				8D01CCD10486CAD60068D4B7 /* Info.plist */,
				089C167DFE841241C02AAC07 /* InfoPlist.strings */,
			);
			name = Resources;
			sourceTree = "<group>";
		};
		08FB77ADFE841716C02AAC07 /* Source */ = {
			isa = PBXGroup;
			children = (
				32BAE0B30371A71500C91783 /* MLEffect_Prefix.pch */,
				8BA05A56072072A900365D66 /* AU Source */,
				8BA4ADCB073EB14C00A2709A /* CocoaUI */,
				B5F54FF413202C7A0003DEF3 /* PublicUtility */,
				8BA05A7D072073D200365D66 /* AUPublic */,
			);
			name = Source;
			sourceTree = "<group>";
		};
		19C28FB4FE9D528D11CA2CBB /* Products */ = {
			isa = PBXGroup;
			children = (
				8D01CCD20486CAD60068D4B7 /* MLEffect.component */,
				8BA4AE4E073EB69000A2709A /* CocoaFilterView.bundle */,
			);
			name = Products;
			sourceTree = "<group>";
		};
		8BA05A56072072A900365D66 /* AU Source */ = {
			isa = PBXGroup;
			children = (
				8BA05A660720730100365D66 /* MLEffect.cpp */,
				8BA05A680720730100365D66 /* MLEffect.r */,
				8BA05A690720730100365D66 /* MLEffectVersion.h */,
				8BA05A670720730100365D66 /* MLEffect.exp */,
			);
			name = "AU Source";
			sourceTree = "<group>";
		};
		8BA05A7D072073D200365D66 /* AUPublic */ = {
			isa = PBXGroup;
			children = (
				B540B7EC17B55B630051AB5B /* AUBase */,
				B540B80B17B55B740051AB5B /* OtherBases */,
				B540B82417B55B820051AB5B /* Utility */,
			);
			name = AUPublic;
			path = /Applications/Xcode.app/Contents/Developer/../../../../Library/Developer/CoreAudio/AudioUnits/AUPublic;
			sourceTree = "<absolute>";
		};
		8BA4ADCB073EB14C00A2709A /* CocoaUI */ = {
			isa = PBXGroup;
			children = (
				8BA4ADD0073EB19800A2709A /* MLEffect_UIView.h */,
				8BA4ADD1073EB19800A2709A /* MLEffect_UIView.m */,
				8BA4ADCE073EB19800A2709A /* MLEffect_ViewFactory.h */,
				8BA4ADCF073EB19800A2709A /* MLEffect_ViewFactory.m */,
			);
			name = CocoaUI;
			sourceTree = "<group>";
		};
		B540B7EC17B55B630051AB5B /* AUBase */ = {
			isa = PBXGroup;
			children = (
				B540B7F517B55B630051AB5B /* AUPlugInDispatch.cpp */,
				B540B7F617B55B630051AB5B /* AUPlugInDispatch.h */,
				B540B7ED17B55B630051AB5B /* AUBase.cpp */,
				B540B7EE17B55B630051AB5B /* AUBase.h */,
				B540B7EF17B55B630051AB5B /* AUDispatch.cpp */,
				B540B7F017B55B630051AB5B /* AUDispatch.h */,
				B540B7F117B55B630051AB5B /* AUInputElement.cpp */,
				B540B7F217B55B630051AB5B /* AUInputElement.h */,
				B540B7F317B55B630051AB5B /* AUOutputElement.cpp */,
				B540B7F417B55B630051AB5B /* AUOutputElement.h */,
				B540B7F817B55B630051AB5B /* AUScopeElement.cpp */,
				B540B7F917B55B630051AB5B /* AUScopeElement.h */,
				B540B7FA17B55B630051AB5B /* ComponentBase.cpp */,
				B540B7FB17B55B630051AB5B /* ComponentBase.h */,
			);
			name = AUBase;
			path = /Library/Developer/CoreAudio/AudioUnits/AUPublic/../../../../../Library/Developer/CoreAudio/AudioUnits/AUPublic/AUBase;
			sourceTree = "<absolute>";
		};
		B540B80B17B55B740051AB5B /* OtherBases */ = {
			isa = PBXGroup;
			children = (
				B540B80C17B55B740051AB5B /* AUEffectBase.cpp */,
				B540B80D17B55B740051AB5B /* AUEffectBase.h */,
				B540B80E17B55B740051AB5B /* AUMIDIBase.cpp */,
				B540B80F17B55B740051AB5B /* AUMIDIBase.h */,
				B540B81017B55B740051AB5B /* AUMIDIEffectBase.cpp */,
				B540B81117B55B740051AB5B /* AUMIDIEffectBase.h */,
				B540B81217B55B740051AB5B /* AUOutputBase.cpp */,
				B540B81317B55B740051AB5B /* AUOutputBase.h */,
				B540B81617B55B740051AB5B /* MusicDeviceBase.cpp */,
				B540B81717B55B740051AB5B /* MusicDeviceBase.h */,
			);
			name = OtherBases;
			path = /Library/Developer/CoreAudio/AudioUnits/AUPublic/../../../../../Library/Developer/CoreAudio/AudioUnits/AUPublic/OtherBases;
			sourceTree = "<absolute>";
		};
		B540B82417B55B820051AB5B /* Utility */ = {
			isa = PBXGroup;
			children = (
				B540B82517B55B820051AB5B /* AUBaseHelper.cpp */,
				B540B82617B55B820051AB5B /* AUBaseHelper.h */,
				B540B82717B55B820051AB5B /* AUBuffer.cpp */,
				B540B82817B55B820051AB5B /* AUBuffer.h */,
				B540B82917B55B820051AB5B /* AUInputFormatConverter.h */,
				B540B82A17B55B820051AB5B /* AUMIDIDefs.h */,
				B540B82B17B55B820051AB5B /* AUSilentTimeout.h */,
			);
			name = Utility;
			path = /Library/Developer/CoreAudio/AudioUnits/AUPublic/Utility;
			sourceTree = "<absolute>";
		};
		B5F54FF413202C7A0003DEF3 /* PublicUtility */ = {
			isa = PBXGroup;
			children = (
				B5F54FF513202C7A0003DEF3 /* CAVectorUnitTypes.h */,
				B5F54FF613202C7A0003DEF3 /* CAVectorUnit.h */,
				B5F54FF713202C7A0003DEF3 /* CAVectorUnit.cpp */,
				B5F54FF813202C7A0003DEF3 /* CAThreadSafeList.h */,
				B5F54FF913202C7A0003DEF3 /* CAStreamBasicDescription.h */,
				B5F54FFA13202C7A0003DEF3 /* CAStreamBasicDescription.cpp */,
				B5F54FFB13202C7A0003DEF3 /* CAAudioChannelLayout.h */,
				B5F54FFC13202C7A0003DEF3 /* CAAudioChannelLayout.cpp */,
			);
			name = PublicUtility;
			path = /Library/Developer/CoreAudio/PublicUtility;
			sourceTree = "<absolute>";
		};
/* End PBXGroup section */

/* Begin PBXHeadersBuildPhase section */
		8BA4AE52073EB70000A2709A /* Headers */ = {
			isa = PBXHeadersBuildPhase;
			buildActionMask = 2147483647;
			files = (
				8BA4AE54073EB72300A2709A /* MLEffect_ViewFactory.h in Headers */,
				8BA4AE55073EB72300A2709A /* MLEffect_UIView.h in Headers */,
			);
			runOnlyForDeploymentPostprocessing = 0;
		};
		8D01CCC70486CAD60068D4B7 /* Headers */ = {
			isa = PBXHeadersBuildPhase;
			buildActionMask = 2147483647;
			files = (
				8D01CCC80486CAD60068D4B7 /* MLEffect_Prefix.pch in Headers */,
				8BA05A6E0720730100365D66 /* MLEffectVersion.h in Headers */,
				B5F54FFD13202C7A0003DEF3 /* CAVectorUnitTypes.h in Headers */,
				B5F54FFE13202C7A0003DEF3 /* CAVectorUnit.h in Headers */,
				B5F5500013202C7A0003DEF3 /* CAThreadSafeList.h in Headers */,
				B5F5500113202C7A0003DEF3 /* CAStreamBasicDescription.h in Headers */,
				B5F5500313202C7A0003DEF3 /* CAAudioChannelLayout.h in Headers */,
				B540B7FD17B55B630051AB5B /* AUBase.h in Headers */,
				B540B7FF17B55B630051AB5B /* AUDispatch.h in Headers */,
				B540B80117B55B630051AB5B /* AUInputElement.h in Headers */,
				B540B80317B55B630051AB5B /* AUOutputElement.h in Headers */,
				B540B80517B55B630051AB5B /* AUPlugInDispatch.h in Headers */,
				B540B80817B55B630051AB5B /* AUScopeElement.h in Headers */,
				B540B80A17B55B630051AB5B /* ComponentBase.h in Headers */,
				B540B81917B55B740051AB5B /* AUEffectBase.h in Headers */,
				B540B81B17B55B740051AB5B /* AUMIDIBase.h in Headers */,
				B540B81D17B55B740051AB5B /* AUMIDIEffectBase.h in Headers */,
				B540B81F17B55B740051AB5B /* AUOutputBase.h in Headers */,
				B540B82317B55B740051AB5B /* MusicDeviceBase.h in Headers */,
				B540B82F17B55B820051AB5B /* AUBaseHelper.h in Headers */,
				B540B83117B55B820051AB5B /* AUBuffer.h in Headers */,
				B540B83217B55B820051AB5B /* AUInputFormatConverter.h in Headers */,
				B540B83317B55B820051AB5B /* AUMIDIDefs.h in Headers */,
				B540B83417B55B820051AB5B /* AUSilentTimeout.h in Headers */,
			);
			runOnlyForDeploymentPostprocessing = 0;
		};
/* End PBXHeadersBuildPhase section */

/* Begin PBXNativeTarget section */
		8BA4AE4D073EB69000A2709A /* CocoaUI */ = {
			isa = PBXNativeTarget;
			buildConfigurationList = 3EED0941089806170095A620 /* Build configuration list for PBXNativeTarget "CocoaUI" */;
			buildPhases = (
				8BA4AE52073EB70000A2709A /* Headers */,
				8BA4AE4A073EB69000A2709A /* Resources */,
				8BA4AE4B073EB69000A2709A /* Sources */,
				8BA4AE4C073EB69000A2709A /* Frameworks */,
			);
			buildRules = (
			);
			dependencies = (
			);
			name = CocoaUI;
			productName = CocoaUI;
			productReference = 8BA4AE4E073EB69000A2709A /* CocoaFilterView.bundle */;
			productType = "com.apple.product-type.bundle";
		};
		8D01CCC60486CAD60068D4B7 /* MLEffect */ = {
			isa = PBXNativeTarget;
			buildConfigurationList = 3EED0945089806170095A620 /* Build configuration list for PBXNativeTarget "MLEffect" */;
			buildPhases = (
				8D01CCC70486CAD60068D4B7 /* Headers */,
				8D01CCC90486CAD60068D4B7 /* Resources */,
				8D01CCCB0486CAD60068D4B7 /* Sources */,
				8D01CCCD0486CAD60068D4B7 /* Frameworks */,
				8D01CCCF0486CAD60068D4B7 /* Rez */,
				8BA4AE65073EBB1B00A2709A /* CopyFiles */,
			);
			buildRules = (
			);
			dependencies = (
				8B707176074BC40400FFC872 /* PBXTargetDependency */,
			);
			name = MLEffect;
			productInstallPath = "$(HOME)/Library/Bundles";
			productName = FilterDemo;
			productReference = 8D01CCD20486CAD60068D4B7 /* MLEffect.component */;
			productType = "com.apple.product-type.bundle";
		};
/* End PBXNativeTarget section */

/* Begin PBXProject section */
		089C1669FE841209C02AAC07 /* Project object */ = {
			isa = PBXProject;
			attributes = {
				LastUpgradeCheck = 0460;
			};
			buildConfigurationList = 3EED0949089806170095A620 /* Build configuration list for PBXProject "MLEffect" */;
			compatibilityVersion = "Xcode 3.2";
			developmentRegion = English;
			hasScannedForEncodings = 1;
			knownRegions = (
				English,
				Japanese,
				French,
				German,
			);
			mainGroup = 089C166AFE841209C02AAC07 /* FilterDemo */;
			projectDirPath = "";
			projectRoot = "";
			targets = (
				8D01CCC60486CAD60068D4B7 /* MLEffect */,
				8BA4AE4D073EB69000A2709A /* CocoaUI */,
			);
		};
/* End PBXProject section */

/* Begin PBXResourcesBuildPhase section */
		8BA4AE4A073EB69000A2709A /* Resources */ = {
			isa = PBXResourcesBuildPhase;
			buildActionMask = 2147483647;
			files = (
				4C69E18E083402BA00030563 /* CocoaView.nib in Resources */,
				4C56E7CB08047C7700DE6468 /* SectionPatternLight.tiff in Resources */,
			);
			runOnlyForDeploymentPostprocessing = 0;
		};
		8D01CCC90486CAD60068D4B7 /* Resources */ = {
			isa = PBXResourcesBuildPhase;
			buildActionMask = 2147483647;
			files = (
				8D01CCCA0486CAD60068D4B7 /* InfoPlist.strings in Resources */,
			);
			runOnlyForDeploymentPostprocessing = 0;
		};
/* End PBXResourcesBuildPhase section */

/* Begin PBXRezBuildPhase section */
		8D01CCCF0486CAD60068D4B7 /* Rez */ = {
			isa = PBXRezBuildPhase;
			buildActionMask = 2147483647;
			files = (
				8B41193E0749636600361ABE /* MLEffect.r in Rez */,
			);
			runOnlyForDeploymentPostprocessing = 0;
		};
/* End PBXRezBuildPhase section */

/* Begin PBXSourcesBuildPhase section */
		8BA4AE4B073EB69000A2709A /* Sources */ = {
			isa = PBXSourcesBuildPhase;
			buildActionMask = 2147483647;
			files = (
				8BA4AE56073EB73300A2709A /* MLEffect_ViewFactory.m in Sources */,
				8BA4AE57073EB73300A2709A /* MLEffect_UIView.m in Sources */,
			);
			runOnlyForDeploymentPostprocessing = 0;
		};
		8D01CCCB0486CAD60068D4B7 /* Sources */ = {
			isa = PBXSourcesBuildPhase;
			buildActionMask = 2147483647;
			files = (
				8BA05A6B0720730100365D66 /* MLEffect.cpp in Sources */,
				B5F54FFF13202C7A0003DEF3 /* CAVectorUnit.cpp in Sources */,
				B5F5500213202C7A0003DEF3 /* CAStreamBasicDescription.cpp in Sources */,
				B5F5500413202C7A0003DEF3 /* CAAudioChannelLayout.cpp in Sources */,
				B540B7FC17B55B630051AB5B /* AUBase.cpp in Sources */,
				B540B7FE17B55B630051AB5B /* AUDispatch.cpp in Sources */,
				B540B80017B55B630051AB5B /* AUInputElement.cpp in Sources */,
				B540B80217B55B630051AB5B /* AUOutputElement.cpp in Sources */,
				B540B80417B55B630051AB5B /* AUPlugInDispatch.cpp in Sources */,
				B540B80717B55B630051AB5B /* AUScopeElement.cpp in Sources */,
				B540B80917B55B630051AB5B /* ComponentBase.cpp in Sources */,
				B540B81817B55B740051AB5B /* AUEffectBase.cpp in Sources */,
				B540B81A17B55B740051AB5B /* AUMIDIBase.cpp in Sources */,
				B540B81C17B55B740051AB5B /* AUMIDIEffectBase.cpp in Sources */,
				B540B81E17B55B740051AB5B /* AUOutputBase.cpp in Sources */,
				B540B82217B55B740051AB5B /* MusicDeviceBase.cpp in Sources */,
				B540B82E17B55B820051AB5B /* AUBaseHelper.cpp in Sources */,
				B540B83017B55B820051AB5B /* AUBuffer.cpp in Sources */,
			);
			runOnlyForDeploymentPostprocessing = 0;
		};
/* End PBXSourcesBuildPhase section */

/* Begin PBXTargetDependency section */
		8B707176074BC40400FFC872 /* PBXTargetDependency */ = {
			isa = PBXTargetDependency;
			target = 8BA4AE4D073EB69000A2709A /* CocoaUI */;
			targetProxy = 8B707175074BC40400FFC872 /* PBXContainerItemProxy */;
		};
/* End PBXTargetDependency section */

/* Begin PBXVariantGroup section */
		089C167DFE841241C02AAC07 /* InfoPlist.strings */ = {
			isa = PBXVariantGroup;
			children = (
				089C167EFE841241C02AAC07 /* English */,
			);
			name = InfoPlist.strings;
			sourceTree = "<group>";
		};
		4C69E18D083402BA00030563 /* CocoaView.nib */ = {
			isa = PBXVariantGroup;
			children = (
				8BA4ADF4073EB43200A2709A /* English */,
			);
			name = CocoaView.nib;
			sourceTree = "<group>";
		};
/* End PBXVariantGroup section */

/* Begin XCBuildConfiguration section */
		3EED0942089806170095A620 /* Development */ = {
			isa = XCBuildConfiguration;
			buildSettings = {
				COMBINE_HIDPI_IMAGES = YES;
				COPY_PHASE_STRIP = NO;
				DEBUGGING_SYMBOLS = YES;
				GCC_DYNAMIC_NO_PIC = NO;
				GCC_GENERATE_DEBUGGING_SYMBOLS = YES;
				GCC_OPTIMIZATION_LEVEL = 0;
				GCC_PRECOMPILE_PREFIX_HEADER = YES;
				GCC_PREFIX_HEADER = "$(SYSTEM_LIBRARY_DIR)/Frameworks/AppKit.framework/Headers/AppKit.h";
				INFOPLIST_FILE = CocoaFilterView.plist;
				INSTALL_PATH = "$(USER_LIBRARY_DIR)/Bundles";
				MACOSX_DEPLOYMENT_TARGET = 10.6;
				OTHER_CFLAGS = "";
				OTHER_LDFLAGS = (
					"-framework",
					Foundation,
					"-framework",
					AppKit,
				);
				PRODUCT_NAME = CocoaFilterView;
				SECTORDER_FLAGS = "";
				WARNING_CFLAGS = (
					"-Wmost",
					"-Wno-four-char-constants",
					"-Wno-unknown-pragmas",
				);
				ZERO_LINK = YES;
			};
			name = Development;
		};
		3EED0943089806170095A620 /* Deployment */ = {
			isa = XCBuildConfiguration;
			buildSettings = {
				COMBINE_HIDPI_IMAGES = YES;
				COPY_PHASE_STRIP = YES;
				GCC_PRECOMPILE_PREFIX_HEADER = YES;
				GCC_PREFIX_HEADER = "$(SYSTEM_LIBRARY_DIR)/Frameworks/AppKit.framework/Headers/AppKit.h";
				INFOPLIST_FILE = CocoaFilterView.plist;
				INSTALL_PATH = "$(USER_LIBRARY_DIR)/Bundles";
				MACOSX_DEPLOYMENT_TARGET = 10.6;
				OTHER_CFLAGS = "";
				OTHER_LDFLAGS = (
					"-framework",
					Foundation,
					"-framework",
					AppKit,
				);
				PRODUCT_NAME = CocoaFilterView;
				SECTORDER_FLAGS = "";
				WARNING_CFLAGS = (
					"-Wmost",
					"-Wno-four-char-constants",
					"-Wno-unknown-pragmas",
				);
				ZERO_LINK = NO;
			};
			name = Deployment;
		};
		3EED0944089806170095A620 /* Default */ = {
			isa = XCBuildConfiguration;
			buildSettings = {
				COMBINE_HIDPI_IMAGES = YES;
				GCC_PRECOMPILE_PREFIX_HEADER = YES;
				GCC_PREFIX_HEADER = "$(SYSTEM_LIBRARY_DIR)/Frameworks/AppKit.framework/Headers/AppKit.h";
				INFOPLIST_FILE = CocoaFilterView.plist;
				INSTALL_PATH = "$(USER_LIBRARY_DIR)/Bundles";
				MACOSX_DEPLOYMENT_TARGET = 10.6;
				OTHER_CFLAGS = "";
				OTHER_LDFLAGS = (
					"-framework",
					Foundation,
					"-framework",
					AppKit,
				);
				PRODUCT_NAME = CocoaFilterView;
				SECTORDER_FLAGS = "";
				WARNING_CFLAGS = (
					"-Wmost",
					"-Wno-four-char-constants",
					"-Wno-unknown-pragmas",
				);
			};
			name = Default;
		};
		3EED0946089806170095A620 /* Development */ = {
			isa = XCBuildConfiguration;
			buildSettings = {
				COMBINE_HIDPI_IMAGES = YES;
				DEBUGGING_SYMBOLS = YES;
				EXPORTED_SYMBOLS_FILE = MLEffect.exp;
				GCC_OPTIMIZATION_LEVEL = 0;
				GCC_PRECOMPILE_PREFIX_HEADER = YES;
				GCC_PREFIX_HEADER = MLEffect_Prefix.pch;
				GENERATE_PKGINFO_FILE = YES;
				INFOPLIST_FILE = Info.plist;
				INSTALL_PATH = "$(HOME)/Library/Audio/Plug-Ins/Components/";
				LIBRARY_STYLE = Bundle;
				OTHER_LDFLAGS = "-bundle";
				OTHER_REZFLAGS = "-d ppc_$ppc -d i386_$i386 -d ppc64_$ppc64 -d x86_64_$x86_64 -I /System/Library/Frameworks/CoreServices.framework/Frameworks/CarbonCore.framework/Versions/A/Headers -I /Developer/Examples/CoreAudio/AudioUnits/AUPublic/AUBase";
				PRODUCT_NAME = MLEffect;
				WARNING_CFLAGS = (
					"-Wmost",
					"-Wno-four-char-constants",
					"-Wno-unknown-pragmas",
				);
				WRAPPER_EXTENSION = component;
			};
			name = Development;
		};
		3EED0947089806170095A620 /* Deployment */ = {
			isa = XCBuildConfiguration;
			buildSettings = {
				COMBINE_HIDPI_IMAGES = YES;
				EXPORTED_SYMBOLS_FILE = MLEffect.exp;
				GCC_PRECOMPILE_PREFIX_HEADER = YES;
				GCC_PREFIX_HEADER = MLEffect_Prefix.pch;
				GENERATE_PKGINFO_FILE = YES;
				INFOPLIST_FILE = Info.plist;
				INSTALL_PATH = "$(HOME)/Library/Audio/Plug-Ins/Components/";
				LIBRARY_STYLE = Bundle;
				OTHER_LDFLAGS = "-bundle";
				OTHER_REZFLAGS = "-d ppc_$ppc -d i386_$i386 -d ppc64_$ppc64 -d x86_64_$x86_64 -I /System/Library/Frameworks/CoreServices.framework/Frameworks/CarbonCore.framework/Versions/A/Headers -I /Developer/Examples/CoreAudio/AudioUnits/AUPublic/AUBase";
				PRODUCT_NAME = MLEffect;
				WARNING_CFLAGS = (
					"-Wmost",
					"-Wno-four-char-constants",
					"-Wno-unknown-pragmas",
				);
				WRAPPER_EXTENSION = component;
			};
			name = Deployment;
		};
		3EED0948089806170095A620 /* Default */ = {
			isa = XCBuildConfiguration;
			buildSettings = {
				COMBINE_HIDPI_IMAGES = YES;
				EXPORTED_SYMBOLS_FILE = MLEffect.exp;
				GCC_PRECOMPILE_PREFIX_HEADER = YES;
				GCC_PREFIX_HEADER = MLEffect_Prefix.pch;
				GENERATE_PKGINFO_FILE = YES;
				INFOPLIST_FILE = Info.plist;
				INSTALL_PATH = "$(HOME)/Library/Audio/Plug-Ins/Components/";
				LIBRARY_STYLE = Bundle;
				OTHER_LDFLAGS = "-bundle";
				OTHER_REZFLAGS = "-d ppc_$ppc -d i386_$i386 -d ppc64_$ppc64 -d x86_64_$x86_64 -I /System/Library/Frameworks/CoreServices.framework/Frameworks/CarbonCore.framework/Versions/A/Headers -I /Developer/Examples/CoreAudio/AudioUnits/AUPublic/AUBase";
				PRODUCT_NAME = MLEffect;
				WARNING_CFLAGS = (
					"-Wmost",
					"-Wno-four-char-constants",
					"-Wno-unknown-pragmas",
				);
				WRAPPER_EXTENSION = component;
			};
			name = Default;
		};
		3EED094A089806170095A620 /* Development */ = {
			isa = XCBuildConfiguration;
			buildSettings = {
				ARCHS = "$(ARCHS_STANDARD_32_64_BIT)";
				AU_PATH = /Developer/Extras/CoreAudio;
				HEADER_SEARCH_PATHS = "$LIBDEV_DIR/**";
				MACOSX_DEPLOYMENT_TARGET = 10.6;
			};
			name = Development;
		};
		3EED094B089806170095A620 /* Deployment */ = {
			isa = XCBuildConfiguration;
			buildSettings = {
				ARCHS = "$(ARCHS_STANDARD_32_64_BIT)";
				AU_PATH = /Developer/Extras/CoreAudio;
				HEADER_SEARCH_PATHS = "$LIBDEV_DIR/**";
				MACOSX_DEPLOYMENT_TARGET = 10.6;
			};
			name = Deployment;
		};
		3EED094C089806170095A620 /* Default */ = {
			isa = XCBuildConfiguration;
			buildSettings = {
				ARCHS = "$(ARCHS_STANDARD_32_64_BIT)";
				AU_PATH = /Developer/Extras/CoreAudio;
				HEADER_SEARCH_PATHS = "$LIBDEV_DIR/**";
				MACOSX_DEPLOYMENT_TARGET = 10.6;
			};
			name = Default;
		};
/* End XCBuildConfiguration section */

/* Begin XCConfigurationList section */
		3EED0941089806170095A620 /* Build configuration list for PBXNativeTarget "CocoaUI" */ = {
			isa = XCConfigurationList;
			buildConfigurations = (
				3EED0942089806170095A620 /* Development */,
				3EED0943089806170095A620 /* Deployment */,
				3EED0944089806170095A620 /* Default */,
			);
			defaultConfigurationIsVisible = 0;
			defaultConfigurationName = Default;
		};
		3EED0945089806170095A620 /* Build configuration list for PBXNativeTarget "MLEffect" */ = {
			isa = XCConfigurationList;
			buildConfigurations = (
				3EED0946089806170095A620 /* Development */,
				3EED0947089806170095A620 /* Deployment */,
				3EED0948089806170095A620 /* Default */,
			);
			defaultConfigurationIsVisible = 0;
			defaultConfigurationName = Default;
		};
		3EED0949089806170095A620 /* Build configuration list for PBXProject "MLEffect" */ = {
			isa = XCConfigurationList;
			buildConfigurations = (
				3EED094A089806170095A620 /* Development */,
				3EED094B089806170095A620 /* Deployment */,
				3EED094C089806170095A620 /* Default */,
			);
			defaultConfigurationIsVisible = 0;
			defaultConfigurationName = Default;
		};
/* End XCConfigurationList section */
	};
	rootObject = 089C1669FE841209C02AAC07 /* Project object */;
}
